
Microsoft Visual Studio Solution File, Format Version 12.00
# Visual Studio Version 16
VisualStudioVersion = 16.0.29613.14
MinimumVisualStudioVersion = 10.0.40219.1
Project("{FAE04EC0-301F-11D3-BF4B-00C04F79EFBC}") = "Matrics_Multidimensional_Arrays", "Matrics_Multidimensional_Arrays\Matrics_Multidimensional_Arrays.csproj", "{BA4D7D30-5BCB-493D-9C9B-590B133B1940}"
EndProject
Global
	GlobalSection(SolutionConfigurationPlatforms) = preSolution
		Debug|Any CPU = Debug|Any CPU
		Release|Any CPU = Release|Any CPU
	EndGlobalSection
	GlobalSection(ProjectConfigurationPlatforms) = postSolution
		{BA4D7D30-5BCB-493D-9C9B-590B133B1940}.Debug|Any CPU.ActiveCfg = Debug|Any CPU
		{BA4D7D30-5BCB-493D-9C9B-590B133B1940}.Debug|Any CPU.Build.0 = Debug|Any CPU
		{BA4D7D30-5BCB-493D-9C9B-590B133B1940}.Release|Any CPU.ActiveCfg = Release|Any CPU
		{BA4D7D30-5BCB-493D-9C9B-590B133B1940}.Release|Any CPU.Build.0 = Release|Any CPU
	EndGlobalSection
	GlobalSection(SolutionProperties) = preSolution
		HideSolutionNode = FALSE
	EndGlobalSection
	GlobalSection(ExtensibilityGlobals) = postSolution
		SolutionGuid = {4D255DF1-D2A4-45FB-A3C5-44D7273B15FD}
	EndGlobalSection
EndGlobal
