
Microsoft Visual Studio Solution File, Format Version 12.00
# Visual Studio Version 16
VisualStudioVersion = 16.0.29728.190
MinimumVisualStudioVersion = 10.0.40219.1
Project("{FAE04EC0-301F-11D3-BF4B-00C04F79EFBC}") = "Problem 6. Zip and Extract", "Problem 6. Zip and Extract\Problem 6. Zip and Extract.csproj", "{E3421782-827B-4456-BAE3-5BFF4730479F}"
EndProject
Global
	GlobalSection(SolutionConfigurationPlatforms) = preSolution
		Debug|Any CPU = Debug|Any CPU
		Release|Any CPU = Release|Any CPU
	EndGlobalSection
	GlobalSection(ProjectConfigurationPlatforms) = postSolution
		{E3421782-827B-4456-BAE3-5BFF4730479F}.Debug|Any CPU.ActiveCfg = Debug|Any CPU
		{E3421782-827B-4456-BAE3-5BFF4730479F}.Debug|Any CPU.Build.0 = Debug|Any CPU
		{E3421782-827B-4456-BAE3-5BFF4730479F}.Release|Any CPU.ActiveCfg = Release|Any CPU
		{E3421782-827B-4456-BAE3-5BFF4730479F}.Release|Any CPU.Build.0 = Release|Any CPU
	EndGlobalSection
	GlobalSection(SolutionProperties) = preSolution
		HideSolutionNode = FALSE
	EndGlobalSection
	GlobalSection(ExtensibilityGlobals) = postSolution
		SolutionGuid = {C844759F-3117-4F79-BEF0-3758E1D4331C}
	EndGlobalSection
EndGlobal
