
Microsoft Visual Studio Solution File, Format Version 12.00
# Visual Studio Version 16
VisualStudioVersion = 16.0.29613.14
MinimumVisualStudioVersion = 10.0.40219.1
Project("{FAE04EC0-301F-11D3-BF4B-00C04F79EFBC}") = "Problem 3. Periodic Table", "Problem 3. Periodic Table\Problem 3. Periodic Table.csproj", "{B8AF75C9-14E3-44B0-93AE-DB198ACDCF11}"
EndProject
Global
	GlobalSection(SolutionConfigurationPlatforms) = preSolution
		Debug|Any CPU = Debug|Any CPU
		Release|Any CPU = Release|Any CPU
	EndGlobalSection
	GlobalSection(ProjectConfigurationPlatforms) = postSolution
		{B8AF75C9-14E3-44B0-93AE-DB198ACDCF11}.Debug|Any CPU.ActiveCfg = Debug|Any CPU
		{B8AF75C9-14E3-44B0-93AE-DB198ACDCF11}.Debug|Any CPU.Build.0 = Debug|Any CPU
		{B8AF75C9-14E3-44B0-93AE-DB198ACDCF11}.Release|Any CPU.ActiveCfg = Release|Any CPU
		{B8AF75C9-14E3-44B0-93AE-DB198ACDCF11}.Release|Any CPU.Build.0 = Release|Any CPU
	EndGlobalSection
	GlobalSection(SolutionProperties) = preSolution
		HideSolutionNode = FALSE
	EndGlobalSection
	GlobalSection(ExtensibilityGlobals) = postSolution
		SolutionGuid = {A5E85457-02A9-4242-89B9-607977E81A57}
	EndGlobalSection
EndGlobal
