
Microsoft Visual Studio Solution File, Format Version 12.00
# Visual Studio Version 16
VisualStudioVersion = 16.0.29728.190
MinimumVisualStudioVersion = 10.0.40219.1
Project("{FAE04EC0-301F-11D3-BF4B-00C04F79EFBC}") = "Three", "Three\Three.csproj", "{42ABD2C4-4F44-4361-BA9D-426744B7E048}"
EndProject
Global
	GlobalSection(SolutionConfigurationPlatforms) = preSolution
		Debug|Any CPU = Debug|Any CPU
		Release|Any CPU = Release|Any CPU
	EndGlobalSection
	GlobalSection(ProjectConfigurationPlatforms) = postSolution
		{42ABD2C4-4F44-4361-BA9D-426744B7E048}.Debug|Any CPU.ActiveCfg = Debug|Any CPU
		{42ABD2C4-4F44-4361-BA9D-426744B7E048}.Debug|Any CPU.Build.0 = Debug|Any CPU
		{42ABD2C4-4F44-4361-BA9D-426744B7E048}.Release|Any CPU.ActiveCfg = Release|Any CPU
		{42ABD2C4-4F44-4361-BA9D-426744B7E048}.Release|Any CPU.Build.0 = Release|Any CPU
	EndGlobalSection
	GlobalSection(SolutionProperties) = preSolution
		HideSolutionNode = FALSE
	EndGlobalSection
	GlobalSection(ExtensibilityGlobals) = postSolution
		SolutionGuid = {1820B9DC-77AF-48C8-BF89-BF5AA86B35C7}
	EndGlobalSection
EndGlobal
