
Microsoft Visual Studio Solution File, Format Version 12.00
# Visual Studio Version 16
VisualStudioVersion = 16.0.29613.14
MinimumVisualStudioVersion = 10.0.40219.1
Project("{FAE04EC0-301F-11D3-BF4B-00C04F79EFBC}") = "Stack_Queue_", "Stack_Queue_\Stack_Queue_.csproj", "{F104708D-F9D7-44BC-B8A4-597F02E10847}"
EndProject
Global
	GlobalSection(SolutionConfigurationPlatforms) = preSolution
		Debug|Any CPU = Debug|Any CPU
		Release|Any CPU = Release|Any CPU
	EndGlobalSection
	GlobalSection(ProjectConfigurationPlatforms) = postSolution
		{F104708D-F9D7-44BC-B8A4-597F02E10847}.Debug|Any CPU.ActiveCfg = Debug|Any CPU
		{F104708D-F9D7-44BC-B8A4-597F02E10847}.Debug|Any CPU.Build.0 = Debug|Any CPU
		{F104708D-F9D7-44BC-B8A4-597F02E10847}.Release|Any CPU.ActiveCfg = Release|Any CPU
		{F104708D-F9D7-44BC-B8A4-597F02E10847}.Release|Any CPU.Build.0 = Release|Any CPU
	EndGlobalSection
	GlobalSection(SolutionProperties) = preSolution
		HideSolutionNode = FALSE
	EndGlobalSection
	GlobalSection(ExtensibilityGlobals) = postSolution
		SolutionGuid = {CC340A7D-67EF-47D4-BB07-06E8AE0ECD88}
	EndGlobalSection
EndGlobal
