
Microsoft Visual Studio Solution File, Format Version 12.00
# Visual Studio Version 16
VisualStudioVersion = 16.0.29728.190
MinimumVisualStudioVersion = 10.0.40219.1
Project("{FAE04EC0-301F-11D3-BF4B-00C04F79EFBC}") = "One", "One\One.csproj", "{5A492A2D-9805-4105-A7F2-9F3BC22C1972}"
EndProject
Global
	GlobalSection(SolutionConfigurationPlatforms) = preSolution
		Debug|Any CPU = Debug|Any CPU
		Release|Any CPU = Release|Any CPU
	EndGlobalSection
	GlobalSection(ProjectConfigurationPlatforms) = postSolution
		{5A492A2D-9805-4105-A7F2-9F3BC22C1972}.Debug|Any CPU.ActiveCfg = Debug|Any CPU
		{5A492A2D-9805-4105-A7F2-9F3BC22C1972}.Debug|Any CPU.Build.0 = Debug|Any CPU
		{5A492A2D-9805-4105-A7F2-9F3BC22C1972}.Release|Any CPU.ActiveCfg = Release|Any CPU
		{5A492A2D-9805-4105-A7F2-9F3BC22C1972}.Release|Any CPU.Build.0 = Release|Any CPU
	EndGlobalSection
	GlobalSection(SolutionProperties) = preSolution
		HideSolutionNode = FALSE
	EndGlobalSection
	GlobalSection(ExtensibilityGlobals) = postSolution
		SolutionGuid = {77F65246-04BF-4C8F-9233-26C72A3F4D92}
	EndGlobalSection
EndGlobal
