
Microsoft Visual Studio Solution File, Format Version 12.00
# Visual Studio Version 16
VisualStudioVersion = 16.0.29613.14
MinimumVisualStudioVersion = 10.0.40219.1
Project("{FAE04EC0-301F-11D3-BF4B-00C04F79EFBC}") = "Petrol_Pumps", "Petrol_Pumps\Petrol_Pumps.csproj", "{C80779EB-0563-4224-8CA0-8E065651D357}"
EndProject
Global
	GlobalSection(SolutionConfigurationPlatforms) = preSolution
		Debug|Any CPU = Debug|Any CPU
		Release|Any CPU = Release|Any CPU
	EndGlobalSection
	GlobalSection(ProjectConfigurationPlatforms) = postSolution
		{C80779EB-0563-4224-8CA0-8E065651D357}.Debug|Any CPU.ActiveCfg = Debug|Any CPU
		{C80779EB-0563-4224-8CA0-8E065651D357}.Debug|Any CPU.Build.0 = Debug|Any CPU
		{C80779EB-0563-4224-8CA0-8E065651D357}.Release|Any CPU.ActiveCfg = Release|Any CPU
		{C80779EB-0563-4224-8CA0-8E065651D357}.Release|Any CPU.Build.0 = Release|Any CPU
	EndGlobalSection
	GlobalSection(SolutionProperties) = preSolution
		HideSolutionNode = FALSE
	EndGlobalSection
	GlobalSection(ExtensibilityGlobals) = postSolution
		SolutionGuid = {F073B927-C2F9-4CDD-97C9-09B93BB34D1A}
	EndGlobalSection
EndGlobal
