
Microsoft Visual Studio Solution File, Format Version 12.00
# Visual Studio Version 16
VisualStudioVersion = 16.0.29613.14
MinimumVisualStudioVersion = 10.0.40219.1
Project("{FAE04EC0-301F-11D3-BF4B-00C04F79EFBC}") = "SquaredMatrix", "SquaredMatrix\SquaredMatrix.csproj", "{81918747-3D6E-4BED-A460-5BDE2E1A7733}"
EndProject
Global
	GlobalSection(SolutionConfigurationPlatforms) = preSolution
		Debug|Any CPU = Debug|Any CPU
		Release|Any CPU = Release|Any CPU
	EndGlobalSection
	GlobalSection(ProjectConfigurationPlatforms) = postSolution
		{81918747-3D6E-4BED-A460-5BDE2E1A7733}.Debug|Any CPU.ActiveCfg = Debug|Any CPU
		{81918747-3D6E-4BED-A460-5BDE2E1A7733}.Debug|Any CPU.Build.0 = Debug|Any CPU
		{81918747-3D6E-4BED-A460-5BDE2E1A7733}.Release|Any CPU.ActiveCfg = Release|Any CPU
		{81918747-3D6E-4BED-A460-5BDE2E1A7733}.Release|Any CPU.Build.0 = Release|Any CPU
	EndGlobalSection
	GlobalSection(SolutionProperties) = preSolution
		HideSolutionNode = FALSE
	EndGlobalSection
	GlobalSection(ExtensibilityGlobals) = postSolution
		SolutionGuid = {984B69EE-93B9-4685-8F01-73A84CB3BF0D}
	EndGlobalSection
EndGlobal
