
Microsoft Visual Studio Solution File, Format Version 12.00
# Visual Studio Version 16
VisualStudioVersion = 16.0.29728.190
MinimumVisualStudioVersion = 10.0.40219.1
Project("{FAE04EC0-301F-11D3-BF4B-00C04F79EFBC}") = "Problem 4. Copy Binary File", "Problem 4. Copy Binary File\Problem 4. Copy Binary File.csproj", "{71754C22-7B70-4865-B00A-4185F152B636}"
EndProject
Global
	GlobalSection(SolutionConfigurationPlatforms) = preSolution
		Debug|Any CPU = Debug|Any CPU
		Release|Any CPU = Release|Any CPU
	EndGlobalSection
	GlobalSection(ProjectConfigurationPlatforms) = postSolution
		{71754C22-7B70-4865-B00A-4185F152B636}.Debug|Any CPU.ActiveCfg = Debug|Any CPU
		{71754C22-7B70-4865-B00A-4185F152B636}.Debug|Any CPU.Build.0 = Debug|Any CPU
		{71754C22-7B70-4865-B00A-4185F152B636}.Release|Any CPU.ActiveCfg = Release|Any CPU
		{71754C22-7B70-4865-B00A-4185F152B636}.Release|Any CPU.Build.0 = Release|Any CPU
	EndGlobalSection
	GlobalSection(SolutionProperties) = preSolution
		HideSolutionNode = FALSE
	EndGlobalSection
	GlobalSection(ExtensibilityGlobals) = postSolution
		SolutionGuid = {AFD2BEE3-B8A3-4F5C-8711-59374E9DA129}
	EndGlobalSection
EndGlobal
