
Microsoft Visual Studio Solution File, Format Version 12.00
# Visual Studio Version 16
VisualStudioVersion = 16.0.29728.190
MinimumVisualStudioVersion = 10.0.40219.1
Project("{FAE04EC0-301F-11D3-BF4B-00C04F79EFBC}") = "Two", "Two\Two.csproj", "{FCEE24C5-BDE3-49FF-AC65-8586BB9B60B6}"
EndProject
Global
	GlobalSection(SolutionConfigurationPlatforms) = preSolution
		Debug|Any CPU = Debug|Any CPU
		Release|Any CPU = Release|Any CPU
	EndGlobalSection
	GlobalSection(ProjectConfigurationPlatforms) = postSolution
		{FCEE24C5-BDE3-49FF-AC65-8586BB9B60B6}.Debug|Any CPU.ActiveCfg = Debug|Any CPU
		{FCEE24C5-BDE3-49FF-AC65-8586BB9B60B6}.Debug|Any CPU.Build.0 = Debug|Any CPU
		{FCEE24C5-BDE3-49FF-AC65-8586BB9B60B6}.Release|Any CPU.ActiveCfg = Release|Any CPU
		{FCEE24C5-BDE3-49FF-AC65-8586BB9B60B6}.Release|Any CPU.Build.0 = Release|Any CPU
	EndGlobalSection
	GlobalSection(SolutionProperties) = preSolution
		HideSolutionNode = FALSE
	EndGlobalSection
	GlobalSection(ExtensibilityGlobals) = postSolution
		SolutionGuid = {6A25157E-A441-478E-AC2E-6718A6BAA171}
	EndGlobalSection
EndGlobal
