
Microsoft Visual Studio Solution File, Format Version 12.00
# Visual Studio Version 16
VisualStudioVersion = 16.0.29613.14
MinimumVisualStudioVersion = 10.0.40219.1
Project("{FAE04EC0-301F-11D3-BF4B-00C04F79EFBC}") = "Stack_MaxMin", "Stack_MaxMin\Stack_MaxMin.csproj", "{A8766F7C-31A5-4414-8BE1-D52E8E20E128}"
EndProject
Global
	GlobalSection(SolutionConfigurationPlatforms) = preSolution
		Debug|Any CPU = Debug|Any CPU
		Release|Any CPU = Release|Any CPU
	EndGlobalSection
	GlobalSection(ProjectConfigurationPlatforms) = postSolution
		{A8766F7C-31A5-4414-8BE1-D52E8E20E128}.Debug|Any CPU.ActiveCfg = Debug|Any CPU
		{A8766F7C-31A5-4414-8BE1-D52E8E20E128}.Debug|Any CPU.Build.0 = Debug|Any CPU
		{A8766F7C-31A5-4414-8BE1-D52E8E20E128}.Release|Any CPU.ActiveCfg = Release|Any CPU
		{A8766F7C-31A5-4414-8BE1-D52E8E20E128}.Release|Any CPU.Build.0 = Release|Any CPU
	EndGlobalSection
	GlobalSection(SolutionProperties) = preSolution
		HideSolutionNode = FALSE
	EndGlobalSection
	GlobalSection(ExtensibilityGlobals) = postSolution
		SolutionGuid = {415E1E29-1C21-4ACF-A997-9D40F046D385}
	EndGlobalSection
EndGlobal
