
Microsoft Visual Studio Solution File, Format Version 12.00
# Visual Studio Version 16
VisualStudioVersion = 16.0.29728.190
MinimumVisualStudioVersion = 10.0.40219.1
Project("{FAE04EC0-301F-11D3-BF4B-00C04F79EFBC}") = "GenericBox", "1. Generic Box of String\GenericBox.csproj", "{FB906EEF-3ECA-4BFE-88C3-0B4F06B590CD}"
EndProject
Global
	GlobalSection(SolutionConfigurationPlatforms) = preSolution
		Debug|Any CPU = Debug|Any CPU
		Release|Any CPU = Release|Any CPU
	EndGlobalSection
	GlobalSection(ProjectConfigurationPlatforms) = postSolution
		{FB906EEF-3ECA-4BFE-88C3-0B4F06B590CD}.Debug|Any CPU.ActiveCfg = Debug|Any CPU
		{FB906EEF-3ECA-4BFE-88C3-0B4F06B590CD}.Debug|Any CPU.Build.0 = Debug|Any CPU
		{FB906EEF-3ECA-4BFE-88C3-0B4F06B590CD}.Release|Any CPU.ActiveCfg = Release|Any CPU
		{FB906EEF-3ECA-4BFE-88C3-0B4F06B590CD}.Release|Any CPU.Build.0 = Release|Any CPU
	EndGlobalSection
	GlobalSection(SolutionProperties) = preSolution
		HideSolutionNode = FALSE
	EndGlobalSection
	GlobalSection(ExtensibilityGlobals) = postSolution
		SolutionGuid = {CCF35DC4-D151-4E68-B25C-8D8FFA94C00B}
	EndGlobalSection
EndGlobal
